
Microsoft Visual Studio Solution File, Format Version 12.00
# Visual Studio 15
Project("{FAE04EC0-301F-11D3-BF4B-00C04F79EFBC}") = "Assembly-CSharp", "Assembly-CSharp.csproj", "{DFF577AF-A860-D01A-B9CE-0026F9F97DE4}"
EndProject
Project("{FAE04EC0-301F-11D3-BF4B-00C04F79EFBC}") = "Kybernetik.UltEvents.Editor", "Kybernetik.UltEvents.Editor.csproj", "{BA136E00-E611-F70F-4104-5D3626442F27}"
EndProject
Project("{FAE04EC0-301F-11D3-BF4B-00C04F79EFBC}") = "Kybernetik.UltEvents", "Kybernetik.UltEvents.csproj", "{04601C7F-B683-608C-521F-8A3057268184}"
EndProject
Global
	GlobalSection(SolutionConfigurationPlatforms) = preSolution
		Debug|Any CPU = Debug|Any CPU
		Release|Any CPU = Release|Any CPU
	EndGlobalSection
	GlobalSection(ProjectConfigurationPlatforms) = postSolution
		{DFF577AF-A860-D01A-B9CE-0026F9F97DE4}.Debug|Any CPU.ActiveCfg = Debug|Any CPU
		{DFF577AF-A860-D01A-B9CE-0026F9F97DE4}.Debug|Any CPU.Build.0 = Debug|Any CPU
		{DFF577AF-A860-D01A-B9CE-0026F9F97DE4}.Release|Any CPU.ActiveCfg = Release|Any CPU
		{DFF577AF-A860-D01A-B9CE-0026F9F97DE4}.Release|Any CPU.Build.0 = Release|Any CPU
		{BA136E00-E611-F70F-4104-5D3626442F27}.Debug|Any CPU.ActiveCfg = Debug|Any CPU
		{BA136E00-E611-F70F-4104-5D3626442F27}.Debug|Any CPU.Build.0 = Debug|Any CPU
		{BA136E00-E611-F70F-4104-5D3626442F27}.Release|Any CPU.ActiveCfg = Release|Any CPU
		{BA136E00-E611-F70F-4104-5D3626442F27}.Release|Any CPU.Build.0 = Release|Any CPU
		{04601C7F-B683-608C-521F-8A3057268184}.Debug|Any CPU.ActiveCfg = Debug|Any CPU
		{04601C7F-B683-608C-521F-8A3057268184}.Debug|Any CPU.Build.0 = Debug|Any CPU
		{04601C7F-B683-608C-521F-8A3057268184}.Release|Any CPU.ActiveCfg = Release|Any CPU
		{04601C7F-B683-608C-521F-8A3057268184}.Release|Any CPU.Build.0 = Release|Any CPU
	EndGlobalSection
	GlobalSection(SolutionProperties) = preSolution
		HideSolutionNode = FALSE
	EndGlobalSection
EndGlobal
